
Microsoft Visual Studio Solution File, Format Version 12.00
# Visual Studio Version 16
VisualStudioVersion = 16.0.29503.13
MinimumVisualStudioVersion = 10.0.40219.1
Project("{FAE04EC0-301F-11D3-BF4B-00C04F79EFBC}") = "MVVM", "MVVM-WPF\MVVM.csproj", "{C63F86CC-A4F7-4AD2-A3FA-0436AF265973}"
EndProject
Project("{FAE04EC0-301F-11D3-BF4B-00C04F79EFBC}") = "MockPresentationLayer", "MockPresentationLayer\MockPresentationLayer.csproj", "{B8140D7A-FB75-4999-8DA5-676C85639AE5}"
EndProject
Global
	GlobalSection(SolutionConfigurationPlatforms) = preSolution
		Debug|Any CPU = Debug|Any CPU
		Release|Any CPU = Release|Any CPU
	EndGlobalSection
	GlobalSection(ProjectConfigurationPlatforms) = postSolution
		{C63F86CC-A4F7-4AD2-A3FA-0436AF265973}.Debug|Any CPU.ActiveCfg = Debug|Any CPU
		{C63F86CC-A4F7-4AD2-A3FA-0436AF265973}.Debug|Any CPU.Build.0 = Debug|Any CPU
		{C63F86CC-A4F7-4AD2-A3FA-0436AF265973}.Release|Any CPU.ActiveCfg = Release|Any CPU
		{C63F86CC-A4F7-4AD2-A3FA-0436AF265973}.Release|Any CPU.Build.0 = Release|Any CPU
		{B8140D7A-FB75-4999-8DA5-676C85639AE5}.Debug|Any CPU.ActiveCfg = Debug|Any CPU
		{B8140D7A-FB75-4999-8DA5-676C85639AE5}.Debug|Any CPU.Build.0 = Debug|Any CPU
		{B8140D7A-FB75-4999-8DA5-676C85639AE5}.Release|Any CPU.ActiveCfg = Release|Any CPU
		{B8140D7A-FB75-4999-8DA5-676C85639AE5}.Release|Any CPU.Build.0 = Release|Any CPU
	EndGlobalSection
	GlobalSection(SolutionProperties) = preSolution
		HideSolutionNode = FALSE
	EndGlobalSection
	GlobalSection(ExtensibilityGlobals) = postSolution
		SolutionGuid = {61B93CB1-C9CF-4B94-8197-037F73097290}
	EndGlobalSection
EndGlobal
